
Microsoft Visual Studio Solution File, Format Version 12.00
# Visual Studio Version 17
VisualStudioVersion = 17.5.2.0
MinimumVisualStudioVersion = 10.0.40219.1
Project("{FAE04EC0-301F-11D3-BF4B-00C04F79EFBC}") = "src", "src/SBRunScr.csproj", "{5E8E39B5-0353-4D69-554A-E74AB5520C88}"
EndProject
Project("{FAE04EC0-301F-11D3-BF4B-00C04F79EFBC}") = "test", "test/SBRunScr.Test.csproj", "{BD9E5A7F-D191-4894-B260-A52DECDED479}"
EndProject
Global
	GlobalSection(SolutionConfigurationPlatforms) = preSolution
		Debug|Any CPU = Debug|Any CPU
		Debug|x64 = Debug|x64
		Debug|x86 = Debug|x86
		Release|Any CPU = Release|Any CPU
		Release|x64 = Release|x64
		Release|x86 = Release|x86
	EndGlobalSection
	GlobalSection(ProjectConfigurationPlatforms) = postSolution
		{5E8E39B5-0353-4D69-554A-E74AB5520C88}.Debug|Any CPU.ActiveCfg = Debug|Any CPU
		{5E8E39B5-0353-4D69-554A-E74AB5520C88}.Debug|Any CPU.Build.0 = Debug|Any CPU
		{5E8E39B5-0353-4D69-554A-E74AB5520C88}.Debug|x64.ActiveCfg = Debug|Any CPU
		{5E8E39B5-0353-4D69-554A-E74AB5520C88}.Debug|x64.Build.0 = Debug|Any CPU
		{5E8E39B5-0353-4D69-554A-E74AB5520C88}.Debug|x86.ActiveCfg = Debug|Any CPU
		{5E8E39B5-0353-4D69-554A-E74AB5520C88}.Debug|x86.Build.0 = Debug|Any CPU
		{5E8E39B5-0353-4D69-554A-E74AB5520C88}.Release|Any CPU.ActiveCfg = Release|Any CPU
		{5E8E39B5-0353-4D69-554A-E74AB5520C88}.Release|Any CPU.Build.0 = Release|Any CPU
		{5E8E39B5-0353-4D69-554A-E74AB5520C88}.Release|x64.ActiveCfg = Release|Any CPU
		{5E8E39B5-0353-4D69-554A-E74AB5520C88}.Release|x64.Build.0 = Release|Any CPU
		{5E8E39B5-0353-4D69-554A-E74AB5520C88}.Release|x86.ActiveCfg = Release|Any CPU
		{5E8E39B5-0353-4D69-554A-E74AB5520C88}.Release|x86.Build.0 = Release|Any CPU
		{BD9E5A7F-D191-4894-B260-A52DECDED479}.Debug|Any CPU.ActiveCfg = Debug|Any CPU
		{BD9E5A7F-D191-4894-B260-A52DECDED479}.Debug|Any CPU.Build.0 = Debug|Any CPU
		{BD9E5A7F-D191-4894-B260-A52DECDED479}.Debug|x64.ActiveCfg = Debug|Any CPU
		{BD9E5A7F-D191-4894-B260-A52DECDED479}.Debug|x64.Build.0 = Debug|Any CPU
		{BD9E5A7F-D191-4894-B260-A52DECDED479}.Debug|x86.ActiveCfg = Debug|Any CPU
		{BD9E5A7F-D191-4894-B260-A52DECDED479}.Debug|x86.Build.0 = Debug|Any CPU
		{BD9E5A7F-D191-4894-B260-A52DECDED479}.Release|Any CPU.ActiveCfg = Release|Any CPU
		{BD9E5A7F-D191-4894-B260-A52DECDED479}.Release|Any CPU.Build.0 = Release|Any CPU
		{BD9E5A7F-D191-4894-B260-A52DECDED479}.Release|x64.ActiveCfg = Release|Any CPU
		{BD9E5A7F-D191-4894-B260-A52DECDED479}.Release|x64.Build.0 = Release|Any CPU
		{BD9E5A7F-D191-4894-B260-A52DECDED479}.Release|x86.ActiveCfg = Release|Any CPU
		{BD9E5A7F-D191-4894-B260-A52DECDED479}.Release|x86.Build.0 = Release|Any CPU
	EndGlobalSection
	GlobalSection(SolutionProperties) = preSolution
		HideSolutionNode = FALSE
	EndGlobalSection
	GlobalSection(ExtensibilityGlobals) = postSolution
		SolutionGuid = {4543E5DB-F088-4340-B837-E49656DD2AEE}
	EndGlobalSection
EndGlobal
